// !$*UTF8*$!
{
	archiveVersion = 1;
	classes = {
	};
	objectVersion = 56;
	objects = {

/* Begin PBXBuildFile section */
		482A13042AB1245900F9A802 /* FeedViewController.swift in Sources */ = {isa = PBXBuildFile; fileRef = 482A13032AB1245900F9A802 /* FeedViewController.swift */; };
		48AFF5432AB13FF700AB0F17 /* EpisodeEntity.swift in Sources */ = {isa = PBXBuildFile; fileRef = 48AFF5422AB13FF700AB0F17 /* EpisodeEntity.swift */; };
		48AFF5452AB1400900AB0F17 /* EpisodeRepository.swift in Sources */ = {isa = PBXBuildFile; fileRef = 48AFF5442AB1400900AB0F17 /* EpisodeRepository.swift */; };
		48AFF5472AB1401A00AB0F17 /* FeedViewModel.swift in Sources */ = {isa = PBXBuildFile; fileRef = 48AFF5462AB1401A00AB0F17 /* FeedViewModel.swift */; };
		48AFF5492AB1EF2500AB0F17 /* EpisodesResponse.swift in Sources */ = {isa = PBXBuildFile; fileRef = 48AFF5482AB1EF2500AB0F17 /* EpisodesResponse.swift */; };
		48AFF54D2AB1F77D00AB0F17 /* APIClient.swift in Sources */ = {isa = PBXBuildFile; fileRef = 48AFF54C2AB1F77D00AB0F17 /* APIClient.swift */; };
		48AFF54F2AB1F86D00AB0F17 /* Endpoint.swift in Sources */ = {isa = PBXBuildFile; fileRef = 48AFF54E2AB1F86D00AB0F17 /* Endpoint.swift */; };
		48AFF5512AB1FCD300AB0F17 /* APIClientImpl.swift in Sources */ = {isa = PBXBuildFile; fileRef = 48AFF5502AB1FCD300AB0F17 /* APIClientImpl.swift */; };
		48AFF5532AB1FE6000AB0F17 /* APIError.swift in Sources */ = {isa = PBXBuildFile; fileRef = 48AFF5522AB1FE6000AB0F17 /* APIError.swift */; };
		48AFF5552AB2037C00AB0F17 /* EpisodesEndpoint.swift in Sources */ = {isa = PBXBuildFile; fileRef = 48AFF5542AB2037C00AB0F17 /* EpisodesEndpoint.swift */; };
		48BC4DC42AB11190007C9464 /* AppDelegate.swift in Sources */ = {isa = PBXBuildFile; fileRef = 48BC4DC32AB11190007C9464 /* AppDelegate.swift */; };
		48BC4DC62AB11190007C9464 /* SceneDelegate.swift in Sources */ = {isa = PBXBuildFile; fileRef = 48BC4DC52AB11190007C9464 /* SceneDelegate.swift */; };
		48BC4DCE2AB11190007C9464 /* RickMortyEpisodeFeed.xcdatamodeld in Sources */ = {isa = PBXBuildFile; fileRef = 48BC4DCC2AB11190007C9464 /* RickMortyEpisodeFeed.xcdatamodeld */; };
		48BC4DD02AB11192007C9464 /* Assets.xcassets in Resources */ = {isa = PBXBuildFile; fileRef = 48BC4DCF2AB11192007C9464 /* Assets.xcassets */; };
		48BC4DD32AB11192007C9464 /* LaunchScreen.storyboard in Resources */ = {isa = PBXBuildFile; fileRef = 48BC4DD12AB11192007C9464 /* LaunchScreen.storyboard */; };
/* End PBXBuildFile section */

/* Begin PBXFileReference section */
		482A13032AB1245900F9A802 /* FeedViewController.swift */ = {isa = PBXFileReference; lastKnownFileType = sourcecode.swift; path = FeedViewController.swift; sourceTree = "<group>"; };
		48AFF5422AB13FF700AB0F17 /* EpisodeEntity.swift */ = {isa = PBXFileReference; lastKnownFileType = sourcecode.swift; path = EpisodeEntity.swift; sourceTree = "<group>"; };
		48AFF5442AB1400900AB0F17 /* EpisodeRepository.swift */ = {isa = PBXFileReference; lastKnownFileType = sourcecode.swift; path = EpisodeRepository.swift; sourceTree = "<group>"; };
		48AFF5462AB1401A00AB0F17 /* FeedViewModel.swift */ = {isa = PBXFileReference; lastKnownFileType = sourcecode.swift; path = FeedViewModel.swift; sourceTree = "<group>"; };
		48AFF5482AB1EF2500AB0F17 /* EpisodesResponse.swift */ = {isa = PBXFileReference; lastKnownFileType = sourcecode.swift; path = EpisodesResponse.swift; sourceTree = "<group>"; };
		48AFF54C2AB1F77D00AB0F17 /* APIClient.swift */ = {isa = PBXFileReference; lastKnownFileType = sourcecode.swift; path = APIClient.swift; sourceTree = "<group>"; };
		48AFF54E2AB1F86D00AB0F17 /* Endpoint.swift */ = {isa = PBXFileReference; lastKnownFileType = sourcecode.swift; path = Endpoint.swift; sourceTree = "<group>"; };
		48AFF5502AB1FCD300AB0F17 /* APIClientImpl.swift */ = {isa = PBXFileReference; lastKnownFileType = sourcecode.swift; path = APIClientImpl.swift; sourceTree = "<group>"; };
		48AFF5522AB1FE6000AB0F17 /* APIError.swift */ = {isa = PBXFileReference; lastKnownFileType = sourcecode.swift; path = APIError.swift; sourceTree = "<group>"; };
		48AFF5542AB2037C00AB0F17 /* EpisodesEndpoint.swift */ = {isa = PBXFileReference; lastKnownFileType = sourcecode.swift; path = EpisodesEndpoint.swift; sourceTree = "<group>"; };
		48BC4DC02AB11190007C9464 /* RickMortyEpisodeFeed.app */ = {isa = PBXFileReference; explicitFileType = wrapper.application; includeInIndex = 0; path = RickMortyEpisodeFeed.app; sourceTree = BUILT_PRODUCTS_DIR; };
		48BC4DC32AB11190007C9464 /* AppDelegate.swift */ = {isa = PBXFileReference; lastKnownFileType = sourcecode.swift; path = AppDelegate.swift; sourceTree = "<group>"; };
		48BC4DC52AB11190007C9464 /* SceneDelegate.swift */ = {isa = PBXFileReference; lastKnownFileType = sourcecode.swift; path = SceneDelegate.swift; sourceTree = "<group>"; };
		48BC4DCD2AB11190007C9464 /* RickMortyEpisodeFeed.xcdatamodel */ = {isa = PBXFileReference; lastKnownFileType = wrapper.xcdatamodel; path = RickMortyEpisodeFeed.xcdatamodel; sourceTree = "<group>"; };
		48BC4DCF2AB11192007C9464 /* Assets.xcassets */ = {isa = PBXFileReference; lastKnownFileType = folder.assetcatalog; path = Assets.xcassets; sourceTree = "<group>"; };
		48BC4DD22AB11192007C9464 /* Base */ = {isa = PBXFileReference; lastKnownFileType = file.storyboard; name = Base; path = Base.lproj/LaunchScreen.storyboard; sourceTree = "<group>"; };
		48BC4DD42AB11192007C9464 /* Info.plist */ = {isa = PBXFileReference; lastKnownFileType = text.plist.xml; path = Info.plist; sourceTree = "<group>"; };
/* End PBXFileReference section */

/* Begin PBXFrameworksBuildPhase section */
		48BC4DBD2AB11190007C9464 /* Frameworks */ = {
			isa = PBXFrameworksBuildPhase;
			buildActionMask = 2147483647;
			files = (
			);
			runOnlyForDeploymentPostprocessing = 0;
		};
/* End PBXFrameworksBuildPhase section */

/* Begin PBXGroup section */
		482A13022AB1242900F9A802 /* Feed */ = {
			isa = PBXGroup;
			children = (
				482A13032AB1245900F9A802 /* FeedViewController.swift */,
				48AFF5462AB1401A00AB0F17 /* FeedViewModel.swift */,
			);
			path = Feed;
			sourceTree = "<group>";
		};
		48AFF5352AB13B1200AB0F17 /* Data */ = {
			isa = PBXGroup;
			children = (
				48AFF54B2AB1F76700AB0F17 /* Local */,
				48AFF54A2AB1F75F00AB0F17 /* Remote */,
				48AFF53A2AB13C4400AB0F17 /* Episodes */,
			);
			path = Data;
			sourceTree = "<group>";
		};
		48AFF5362AB13B1A00AB0F17 /* Domain */ = {
			isa = PBXGroup;
			children = (
				48AFF53B2AB13C5500AB0F17 /* Episodes */,
			);
			path = Domain;
			sourceTree = "<group>";
		};
		48AFF5372AB13B2200AB0F17 /* Features */ = {
			isa = PBXGroup;
			children = (
				482A13022AB1242900F9A802 /* Feed */,
			);
			path = Features;
			sourceTree = "<group>";
		};
		48AFF5382AB13BF900AB0F17 /* Local */ = {
			isa = PBXGroup;
			children = (
			);
			path = Local;
			sourceTree = "<group>";
		};
		48AFF53A2AB13C4400AB0F17 /* Episodes */ = {
			isa = PBXGroup;
			children = (
				48AFF5382AB13BF900AB0F17 /* Local */,
				48AFF53C2AB13E4600AB0F17 /* Remote */,
			);
			path = Episodes;
			sourceTree = "<group>";
		};
		48AFF53B2AB13C5500AB0F17 /* Episodes */ = {
			isa = PBXGroup;
			children = (
				48AFF5422AB13FF700AB0F17 /* EpisodeEntity.swift */,
				48AFF5442AB1400900AB0F17 /* EpisodeRepository.swift */,
			);
			path = Episodes;
			sourceTree = "<group>";
		};
		48AFF53C2AB13E4600AB0F17 /* Remote */ = {
			isa = PBXGroup;
			children = (
				48AFF5542AB2037C00AB0F17 /* EpisodesEndpoint.swift */,
				48AFF5482AB1EF2500AB0F17 /* EpisodesResponse.swift */,
			);
			path = Remote;
			sourceTree = "<group>";
		};
		48AFF54A2AB1F75F00AB0F17 /* Remote */ = {
			isa = PBXGroup;
			children = (
				48AFF54C2AB1F77D00AB0F17 /* APIClient.swift */,
				48AFF5502AB1FCD300AB0F17 /* APIClientImpl.swift */,
				48AFF5522AB1FE6000AB0F17 /* APIError.swift */,
				48AFF54E2AB1F86D00AB0F17 /* Endpoint.swift */,
			);
			path = Remote;
			sourceTree = "<group>";
		};
		48AFF54B2AB1F76700AB0F17 /* Local */ = {
			isa = PBXGroup;
			children = (
				48BC4DCC2AB11190007C9464 /* RickMortyEpisodeFeed.xcdatamodeld */,
			);
			path = Local;
			sourceTree = "<group>";
		};
		48BC4DB72AB11190007C9464 = {
			isa = PBXGroup;
			children = (
				48BC4DC22AB11190007C9464 /* RickMortyEpisodeFeed */,
				48BC4DC12AB11190007C9464 /* Products */,
			);
			sourceTree = "<group>";
		};
		48BC4DC12AB11190007C9464 /* Products */ = {
			isa = PBXGroup;
			children = (
				48BC4DC02AB11190007C9464 /* RickMortyEpisodeFeed.app */,
			);
			name = Products;
			sourceTree = "<group>";
		};
		48BC4DC22AB11190007C9464 /* RickMortyEpisodeFeed */ = {
			isa = PBXGroup;
			children = (
				48AFF5352AB13B1200AB0F17 /* Data */,
				48AFF5362AB13B1A00AB0F17 /* Domain */,
				48AFF5372AB13B2200AB0F17 /* Features */,
				48BC4DC32AB11190007C9464 /* AppDelegate.swift */,
				48BC4DC52AB11190007C9464 /* SceneDelegate.swift */,
				48BC4DCF2AB11192007C9464 /* Assets.xcassets */,
				48BC4DD12AB11192007C9464 /* LaunchScreen.storyboard */,
				48BC4DD42AB11192007C9464 /* Info.plist */,
			);
			path = RickMortyEpisodeFeed;
			sourceTree = "<group>";
		};
/* End PBXGroup section */

/* Begin PBXNativeTarget section */
		48BC4DBF2AB11190007C9464 /* RickMortyEpisodeFeed */ = {
			isa = PBXNativeTarget;
			buildConfigurationList = 48BC4DD72AB11192007C9464 /* Build configuration list for PBXNativeTarget "RickMortyEpisodeFeed" */;
			buildPhases = (
				48BC4DBC2AB11190007C9464 /* Sources */,
				48BC4DBD2AB11190007C9464 /* Frameworks */,
				48BC4DBE2AB11190007C9464 /* Resources */,
			);
			buildRules = (
			);
			dependencies = (
			);
			name = RickMortyEpisodeFeed;
			productName = RickMortyEpisodeFeed;
			productReference = 48BC4DC02AB11190007C9464 /* RickMortyEpisodeFeed.app */;
			productType = "com.apple.product-type.application";
		};
/* End PBXNativeTarget section */

/* Begin PBXProject section */
		48BC4DB82AB11190007C9464 /* Project object */ = {
			isa = PBXProject;
			attributes = {
				BuildIndependentTargetsInParallel = 1;
				LastSwiftUpdateCheck = 1430;
				LastUpgradeCheck = 1430;
				TargetAttributes = {
					48BC4DBF2AB11190007C9464 = {
						CreatedOnToolsVersion = 14.3.1;
					};
				};
			};
			buildConfigurationList = 48BC4DBB2AB11190007C9464 /* Build configuration list for PBXProject "RickMortyEpisodeFeed" */;
			compatibilityVersion = "Xcode 14.0";
			developmentRegion = en;
			hasScannedForEncodings = 0;
			knownRegions = (
				en,
				Base,
			);
			mainGroup = 48BC4DB72AB11190007C9464;
			productRefGroup = 48BC4DC12AB11190007C9464 /* Products */;
			projectDirPath = "";
			projectRoot = "";
			targets = (
				48BC4DBF2AB11190007C9464 /* RickMortyEpisodeFeed */,
			);
		};
/* End PBXProject section */

/* Begin PBXResourcesBuildPhase section */
		48BC4DBE2AB11190007C9464 /* Resources */ = {
			isa = PBXResourcesBuildPhase;
			buildActionMask = 2147483647;
			files = (
				48BC4DD32AB11192007C9464 /* LaunchScreen.storyboard in Resources */,
				48BC4DD02AB11192007C9464 /* Assets.xcassets in Resources */,
			);
			runOnlyForDeploymentPostprocessing = 0;
		};
/* End PBXResourcesBuildPhase section */

/* Begin PBXSourcesBuildPhase section */
		48BC4DBC2AB11190007C9464 /* Sources */ = {
			isa = PBXSourcesBuildPhase;
			buildActionMask = 2147483647;
			files = (
				48BC4DC42AB11190007C9464 /* AppDelegate.swift in Sources */,
				48AFF5492AB1EF2500AB0F17 /* EpisodesResponse.swift in Sources */,
				48AFF5552AB2037C00AB0F17 /* EpisodesEndpoint.swift in Sources */,
				48AFF5432AB13FF700AB0F17 /* EpisodeEntity.swift in Sources */,
				48AFF54D2AB1F77D00AB0F17 /* APIClient.swift in Sources */,
				48AFF5452AB1400900AB0F17 /* EpisodeRepository.swift in Sources */,
				482A13042AB1245900F9A802 /* FeedViewController.swift in Sources */,
				48BC4DCE2AB11190007C9464 /* RickMortyEpisodeFeed.xcdatamodeld in Sources */,
				48BC4DC62AB11190007C9464 /* SceneDelegate.swift in Sources */,
				48AFF5512AB1FCD300AB0F17 /* APIClientImpl.swift in Sources */,
				48AFF54F2AB1F86D00AB0F17 /* Endpoint.swift in Sources */,
				48AFF5472AB1401A00AB0F17 /* FeedViewModel.swift in Sources */,
				48AFF5532AB1FE6000AB0F17 /* APIError.swift in Sources */,
			);
			runOnlyForDeploymentPostprocessing = 0;
		};
/* End PBXSourcesBuildPhase section */

/* Begin PBXVariantGroup section */
		48BC4DD12AB11192007C9464 /* LaunchScreen.storyboard */ = {
			isa = PBXVariantGroup;
			children = (
				48BC4DD22AB11192007C9464 /* Base */,
			);
			name = LaunchScreen.storyboard;
			sourceTree = "<group>";
		};
/* End PBXVariantGroup section */

/* Begin XCBuildConfiguration section */
		48BC4DD52AB11192007C9464 /* Debug */ = {
			isa = XCBuildConfiguration;
			buildSettings = {
				ALWAYS_SEARCH_USER_PATHS = NO;
				CLANG_ANALYZER_NONNULL = YES;
				CLANG_ANALYZER_NUMBER_OBJECT_CONVERSION = YES_AGGRESSIVE;
				CLANG_CXX_LANGUAGE_STANDARD = "gnu++20";
				CLANG_ENABLE_MODULES = YES;
				CLANG_ENABLE_OBJC_ARC = YES;
				CLANG_ENABLE_OBJC_WEAK = YES;
				CLANG_WARN_BLOCK_CAPTURE_AUTORELEASING = YES;
				CLANG_WARN_BOOL_CONVERSION = YES;
				CLANG_WARN_COMMA = YES;
				CLANG_WARN_CONSTANT_CONVERSION = YES;
				CLANG_WARN_DEPRECATED_OBJC_IMPLEMENTATIONS = YES;
				CLANG_WARN_DIRECT_OBJC_ISA_USAGE = YES_ERROR;
				CLANG_WARN_DOCUMENTATION_COMMENTS = YES;
				CLANG_WARN_EMPTY_BODY = YES;
				CLANG_WARN_ENUM_CONVERSION = YES;
				CLANG_WARN_INFINITE_RECURSION = YES;
				CLANG_WARN_INT_CONVERSION = YES;
				CLANG_WARN_NON_LITERAL_NULL_CONVERSION = YES;
				CLANG_WARN_OBJC_IMPLICIT_RETAIN_SELF = YES;
				CLANG_WARN_OBJC_LITERAL_CONVERSION = YES;
				CLANG_WARN_OBJC_ROOT_CLASS = YES_ERROR;
				CLANG_WARN_QUOTED_INCLUDE_IN_FRAMEWORK_HEADER = YES;
				CLANG_WARN_RANGE_LOOP_ANALYSIS = YES;
				CLANG_WARN_STRICT_PROTOTYPES = YES;
				CLANG_WARN_SUSPICIOUS_MOVE = YES;
				CLANG_WARN_UNGUARDED_AVAILABILITY = YES_AGGRESSIVE;
				CLANG_WARN_UNREACHABLE_CODE = YES;
				CLANG_WARN__DUPLICATE_METHOD_MATCH = YES;
				COPY_PHASE_STRIP = NO;
				DEBUG_INFORMATION_FORMAT = dwarf;
				ENABLE_STRICT_OBJC_MSGSEND = YES;
				ENABLE_TESTABILITY = YES;
				GCC_C_LANGUAGE_STANDARD = gnu11;
				GCC_DYNAMIC_NO_PIC = NO;
				GCC_NO_COMMON_BLOCKS = YES;
				GCC_OPTIMIZATION_LEVEL = 0;
				GCC_PREPROCESSOR_DEFINITIONS = (
					"DEBUG=1",
					"$(inherited)",
				);
				GCC_WARN_64_TO_32_BIT_CONVERSION = YES;
				GCC_WARN_ABOUT_RETURN_TYPE = YES_ERROR;
				GCC_WARN_UNDECLARED_SELECTOR = YES;
				GCC_WARN_UNINITIALIZED_AUTOS = YES_AGGRESSIVE;
				GCC_WARN_UNUSED_FUNCTION = YES;
				GCC_WARN_UNUSED_VARIABLE = YES;
				IPHONEOS_DEPLOYMENT_TARGET = 16.4;
				MTL_ENABLE_DEBUG_INFO = INCLUDE_SOURCE;
				MTL_FAST_MATH = YES;
				ONLY_ACTIVE_ARCH = YES;
				SDKROOT = iphoneos;
				SWIFT_ACTIVE_COMPILATION_CONDITIONS = DEBUG;
				SWIFT_OPTIMIZATION_LEVEL = "-Onone";
			};
			name = Debug;
		};
		48BC4DD62AB11192007C9464 /* Release */ = {
			isa = XCBuildConfiguration;
			buildSettings = {
				ALWAYS_SEARCH_USER_PATHS = NO;
				CLANG_ANALYZER_NONNULL = YES;
				CLANG_ANALYZER_NUMBER_OBJECT_CONVERSION = YES_AGGRESSIVE;
				CLANG_CXX_LANGUAGE_STANDARD = "gnu++20";
				CLANG_ENABLE_MODULES = YES;
				CLANG_ENABLE_OBJC_ARC = YES;
				CLANG_ENABLE_OBJC_WEAK = YES;
				CLANG_WARN_BLOCK_CAPTURE_AUTORELEASING = YES;
				CLANG_WARN_BOOL_CONVERSION = YES;
				CLANG_WARN_COMMA = YES;
				CLANG_WARN_CONSTANT_CONVERSION = YES;
				CLANG_WARN_DEPRECATED_OBJC_IMPLEMENTATIONS = YES;
				CLANG_WARN_DIRECT_OBJC_ISA_USAGE = YES_ERROR;
				CLANG_WARN_DOCUMENTATION_COMMENTS = YES;
				CLANG_WARN_EMPTY_BODY = YES;
				CLANG_WARN_ENUM_CONVERSION = YES;
				CLANG_WARN_INFINITE_RECURSION = YES;
				CLANG_WARN_INT_CONVERSION = YES;
				CLANG_WARN_NON_LITERAL_NULL_CONVERSION = YES;
				CLANG_WARN_OBJC_IMPLICIT_RETAIN_SELF = YES;
				CLANG_WARN_OBJC_LITERAL_CONVERSION = YES;
				CLANG_WARN_OBJC_ROOT_CLASS = YES_ERROR;
				CLANG_WARN_QUOTED_INCLUDE_IN_FRAMEWORK_HEADER = YES;
				CLANG_WARN_RANGE_LOOP_ANALYSIS = YES;
				CLANG_WARN_STRICT_PROTOTYPES = YES;
				CLANG_WARN_SUSPICIOUS_MOVE = YES;
				CLANG_WARN_UNGUARDED_AVAILABILITY = YES_AGGRESSIVE;
				CLANG_WARN_UNREACHABLE_CODE = YES;
				CLANG_WARN__DUPLICATE_METHOD_MATCH = YES;
				COPY_PHASE_STRIP = NO;
				DEBUG_INFORMATION_FORMAT = "dwarf-with-dsym";
				ENABLE_NS_ASSERTIONS = NO;
				ENABLE_STRICT_OBJC_MSGSEND = YES;
				GCC_C_LANGUAGE_STANDARD = gnu11;
				GCC_NO_COMMON_BLOCKS = YES;
				GCC_WARN_64_TO_32_BIT_CONVERSION = YES;
				GCC_WARN_ABOUT_RETURN_TYPE = YES_ERROR;
				GCC_WARN_UNDECLARED_SELECTOR = YES;
				GCC_WARN_UNINITIALIZED_AUTOS = YES_AGGRESSIVE;
				GCC_WARN_UNUSED_FUNCTION = YES;
				GCC_WARN_UNUSED_VARIABLE = YES;
				IPHONEOS_DEPLOYMENT_TARGET = 16.4;
				MTL_ENABLE_DEBUG_INFO = NO;
				MTL_FAST_MATH = YES;
				SDKROOT = iphoneos;
				SWIFT_COMPILATION_MODE = wholemodule;
				SWIFT_OPTIMIZATION_LEVEL = "-O";
				VALIDATE_PRODUCT = YES;
			};
			name = Release;
		};
		48BC4DD82AB11192007C9464 /* Debug */ = {
			isa = XCBuildConfiguration;
			buildSettings = {
				ASSETCATALOG_COMPILER_APPICON_NAME = AppIcon;
				ASSETCATALOG_COMPILER_GLOBAL_ACCENT_COLOR_NAME = AccentColor;
				CODE_SIGN_STYLE = Automatic;
				CURRENT_PROJECT_VERSION = 1;
				DEVELOPMENT_TEAM = 49Y559N5CS;
				GENERATE_INFOPLIST_FILE = YES;
				INFOPLIST_FILE = RickMortyEpisodeFeed/Info.plist;
				INFOPLIST_KEY_UIApplicationSupportsIndirectInputEvents = YES;
				INFOPLIST_KEY_UILaunchStoryboardName = LaunchScreen.storyboard;
				INFOPLIST_KEY_UISupportedInterfaceOrientations_iPad = "UIInterfaceOrientationPortrait UIInterfaceOrientationPortraitUpsideDown UIInterfaceOrientationLandscapeLeft UIInterfaceOrientationLandscapeRight";
				INFOPLIST_KEY_UISupportedInterfaceOrientations_iPhone = "UIInterfaceOrientationPortrait UIInterfaceOrientationLandscapeLeft UIInterfaceOrientationLandscapeRight";
				LD_RUNPATH_SEARCH_PATHS = (
					"$(inherited)",
					"@executable_path/Frameworks",
				);
				MARKETING_VERSION = 1.0;
				PRODUCT_BUNDLE_IDENTIFIER = com.github.plushmesh.RickMortyEpisodeFeed;
				PRODUCT_NAME = "$(TARGET_NAME)";
				SWIFT_EMIT_LOC_STRINGS = YES;
				SWIFT_VERSION = 5.0;
				TARGETED_DEVICE_FAMILY = "1,2";
			};
			name = Debug;
		};
		48BC4DD92AB11192007C9464 /* Release */ = {
			isa = XCBuildConfiguration;
			buildSettings = {
				ASSETCATALOG_COMPILER_APPICON_NAME = AppIcon;
				ASSETCATALOG_COMPILER_GLOBAL_ACCENT_COLOR_NAME = AccentColor;
				CODE_SIGN_STYLE = Automatic;
				CURRENT_PROJECT_VERSION = 1;
				DEVELOPMENT_TEAM = 49Y559N5CS;
				GENERATE_INFOPLIST_FILE = YES;
				INFOPLIST_FILE = RickMortyEpisodeFeed/Info.plist;
				INFOPLIST_KEY_UIApplicationSupportsIndirectInputEvents = YES;
				INFOPLIST_KEY_UILaunchStoryboardName = LaunchScreen.storyboard;
				INFOPLIST_KEY_UISupportedInterfaceOrientations_iPad = "UIInterfaceOrientationPortrait UIInterfaceOrientationPortraitUpsideDown UIInterfaceOrientationLandscapeLeft UIInterfaceOrientationLandscapeRight";
				INFOPLIST_KEY_UISupportedInterfaceOrientations_iPhone = "UIInterfaceOrientationPortrait UIInterfaceOrientationLandscapeLeft UIInterfaceOrientationLandscapeRight";
				LD_RUNPATH_SEARCH_PATHS = (
					"$(inherited)",
					"@executable_path/Frameworks",
				);
				MARKETING_VERSION = 1.0;
				PRODUCT_BUNDLE_IDENTIFIER = com.github.plushmesh.RickMortyEpisodeFeed;
				PRODUCT_NAME = "$(TARGET_NAME)";
				SWIFT_EMIT_LOC_STRINGS = YES;
				SWIFT_VERSION = 5.0;
				TARGETED_DEVICE_FAMILY = "1,2";
			};
			name = Release;
		};
/* End XCBuildConfiguration section */

/* Begin XCConfigurationList section */
		48BC4DBB2AB11190007C9464 /* Build configuration list for PBXProject "RickMortyEpisodeFeed" */ = {
			isa = XCConfigurationList;
			buildConfigurations = (
				48BC4DD52AB11192007C9464 /* Debug */,
				48BC4DD62AB11192007C9464 /* Release */,
			);
			defaultConfigurationIsVisible = 0;
			defaultConfigurationName = Release;
		};
		48BC4DD72AB11192007C9464 /* Build configuration list for PBXNativeTarget "RickMortyEpisodeFeed" */ = {
			isa = XCConfigurationList;
			buildConfigurations = (
				48BC4DD82AB11192007C9464 /* Debug */,
				48BC4DD92AB11192007C9464 /* Release */,
			);
			defaultConfigurationIsVisible = 0;
			defaultConfigurationName = Release;
		};
/* End XCConfigurationList section */

/* Begin XCVersionGroup section */
		48BC4DCC2AB11190007C9464 /* RickMortyEpisodeFeed.xcdatamodeld */ = {
			isa = XCVersionGroup;
			children = (
				48BC4DCD2AB11190007C9464 /* RickMortyEpisodeFeed.xcdatamodel */,
			);
			currentVersion = 48BC4DCD2AB11190007C9464 /* RickMortyEpisodeFeed.xcdatamodel */;
			path = RickMortyEpisodeFeed.xcdatamodeld;
			sourceTree = "<group>";
			versionGroupType = wrapper.xcdatamodel;
		};
/* End XCVersionGroup section */
	};
	rootObject = 48BC4DB82AB11190007C9464 /* Project object */;
}
